
Microsoft Visual Studio Solution File, Format Version 12.00
# Visual Studio Version 17
VisualStudioVersion = 17.9.34728.123
MinimumVisualStudioVersion = 10.0.40219.1
Project("{9A19103F-16F7-4668-BE54-9A1E7A4F7556}") = "ST_Laucher", "ST_Laucher\ST_Laucher.csproj", "{BF03757E-B676-4DF7-B1A9-EB0E986EC139}"
EndProject
Project("{9A19103F-16F7-4668-BE54-9A1E7A4F7556}") = "ST_Laucher.Desktop", "ST_Laucher.Desktop\ST_Laucher.Desktop.csproj", "{70C13E8D-CB47-45AA-B619-D191046F5EFB}"
EndProject
Global
	GlobalSection(SolutionConfigurationPlatforms) = preSolution
		Debug|Any CPU = Debug|Any CPU
		Release|Any CPU = Release|Any CPU
	EndGlobalSection
	GlobalSection(ProjectConfigurationPlatforms) = postSolution
		{BF03757E-B676-4DF7-B1A9-EB0E986EC139}.Debug|Any CPU.ActiveCfg = Debug|Any CPU
		{BF03757E-B676-4DF7-B1A9-EB0E986EC139}.Debug|Any CPU.Build.0 = Debug|Any CPU
		{BF03757E-B676-4DF7-B1A9-EB0E986EC139}.Release|Any CPU.ActiveCfg = Release|Any CPU
		{BF03757E-B676-4DF7-B1A9-EB0E986EC139}.Release|Any CPU.Build.0 = Release|Any CPU
		{70C13E8D-CB47-45AA-B619-D191046F5EFB}.Debug|Any CPU.ActiveCfg = Debug|Any CPU
		{70C13E8D-CB47-45AA-B619-D191046F5EFB}.Debug|Any CPU.Build.0 = Debug|Any CPU
		{70C13E8D-CB47-45AA-B619-D191046F5EFB}.Release|Any CPU.ActiveCfg = Release|Any CPU
		{70C13E8D-CB47-45AA-B619-D191046F5EFB}.Release|Any CPU.Build.0 = Release|Any CPU
	EndGlobalSection
	GlobalSection(SolutionProperties) = preSolution
		HideSolutionNode = FALSE
	EndGlobalSection
	GlobalSection(ExtensibilityGlobals) = postSolution
		SolutionGuid = {CC73611E-F614-45F9-A6E5-9A600BA23D8C}
	EndGlobalSection
EndGlobal
